schema: '2.0'
stages:
  data_ingestion:
    cmd: python src/data_ingestion.py
    deps:
    - path: src/data_ingestion.py
      hash: md5
      md5: e2e832e0352579df9731e90797fc414b
      size: 3796
    params:
      params.yaml:
        data_ingestion.test_size: 0.2
    outs:
    - path: data/raw
      hash: md5
      md5: 1710314c4c6abd656387bde04d250ced.dir
      size: 504947
      nfiles: 2
  data_preprocessing:
    cmd: python src/data_preprocessing.py
    deps:
    - path: data/raw
      hash: md5
      md5: 1710314c4c6abd656387bde04d250ced.dir
      size: 504947
      nfiles: 2
    - path: src/data_preprocessing.py
      hash: md5
      md5: 2e39768bb16b4abb58cbaa21ad0bb0cc
      size: 4148
    outs:
    - path: data/interim
      hash: md5
      md5: 87039c191cff4c03ebd272f152687a09.dir
      size: 279046
      nfiles: 2
  feature_engineering:
    cmd: python src/feature_engineering.py
    deps:
    - path: data/interim
      hash: md5
      md5: 87039c191cff4c03ebd272f152687a09.dir
      size: 279046
      nfiles: 2
    - path: src/feature_engineering.py
      hash: md5
      md5: dc38d35002a2e5caeb92ee43ea5d3701
      size: 3822
    params:
      params.yaml:
        feature_engineering.max_features: 35
    outs:
    - path: data/processed
      hash: md5
      md5: a8c07e8093dadb60b7a4d952b7a27628.dir
      size: 834750
      nfiles: 2
  model_building:
    cmd: python src/model_building.py
    deps:
    - path: data/processed
      hash: md5
      md5: a8c07e8093dadb60b7a4d952b7a27628.dir
      size: 834750
      nfiles: 2
    - path: src/model_building.py
      hash: md5
      md5: 45caecff03bbe5d4a29ae408a8b54753
      size: 4362
    params:
      params.yaml:
        model_building.n_estimators: 22
        model_building.random_state: 2
    outs:
    - path: models/model.pkl
      hash: md5
      md5: 1395e768b4d7de04f807439a2c5b45f8
      size: 720147
  model_evaluation:
    cmd: python src/model_evaluation.py
    deps:
    - path: models/model.pkl
      hash: md5
      md5: 1395e768b4d7de04f807439a2c5b45f8
      size: 720147
    - path: src/model_evaluation.py
      hash: md5
      md5: b2f34886d944dff27c4480112e05d00f
      size: 4643
    outs:
    - path: reports/metrics.json
      hash: md5
      md5: abba219d58644dde3de017d8eedbd8b8
      size: 145
